
Microsoft Visual Studio Solution File, Format Version 12.00
# Visual Studio Version 17
VisualStudioVersion = 17.2.32630.192
MinimumVisualStudioVersion = 10.0.40219.1
Project("{FAE04EC0-301F-11D3-BF4B-00C04F79EFBC}") = "Sinoptik_Parse_WPF", "Sinoptik_Parse_WPF\Sinoptik_Parse_WPF.csproj", "{5CDB326F-33DD-4A35-BE94-A1514C184101}"
EndProject
Global
	GlobalSection(SolutionConfigurationPlatforms) = preSolution
		Debug|Any CPU = Debug|Any CPU
		Release|Any CPU = Release|Any CPU
	EndGlobalSection
	GlobalSection(ProjectConfigurationPlatforms) = postSolution
		{5CDB326F-33DD-4A35-BE94-A1514C184101}.Debug|Any CPU.ActiveCfg = Debug|Any CPU
		{5CDB326F-33DD-4A35-BE94-A1514C184101}.Debug|Any CPU.Build.0 = Debug|Any CPU
		{5CDB326F-33DD-4A35-BE94-A1514C184101}.Release|Any CPU.ActiveCfg = Release|Any CPU
		{5CDB326F-33DD-4A35-BE94-A1514C184101}.Release|Any CPU.Build.0 = Release|Any CPU
	EndGlobalSection
	GlobalSection(SolutionProperties) = preSolution
		HideSolutionNode = FALSE
	EndGlobalSection
	GlobalSection(ExtensibilityGlobals) = postSolution
		SolutionGuid = {6DB247BE-91BB-443D-AE9D-059D0C315FC5}
	EndGlobalSection
EndGlobal
